
Microsoft Visual Studio Solution File, Format Version 11.00
# Visual Studio 2010
Project("{FAE04EC0-301F-11D3-BF4B-00C04F79EFBC}") = "int422Final", "int422Final\int422Final.csproj", "{563C2569-8091-4E7B-A043-99D632BD26BC}"
EndProject
Global
	GlobalSection(SolutionConfigurationPlatforms) = preSolution
		Debug|Any CPU = Debug|Any CPU
		Release|Any CPU = Release|Any CPU
	EndGlobalSection
	GlobalSection(ProjectConfigurationPlatforms) = postSolution
		{563C2569-8091-4E7B-A043-99D632BD26BC}.Debug|Any CPU.ActiveCfg = Debug|Any CPU
		{563C2569-8091-4E7B-A043-99D632BD26BC}.Debug|Any CPU.Build.0 = Debug|Any CPU
		{563C2569-8091-4E7B-A043-99D632BD26BC}.Release|Any CPU.ActiveCfg = Release|Any CPU
		{563C2569-8091-4E7B-A043-99D632BD26BC}.Release|Any CPU.Build.0 = Release|Any CPU
	EndGlobalSection
	GlobalSection(SolutionProperties) = preSolution
		HideSolutionNode = FALSE
	EndGlobalSection
EndGlobal
